<?xml version="1.0" encoding="utf-8"?>
<Project ToolsVersion="4.0" xmlns="http://schemas.microsoft.com/developer/msbuild/2003">
  <ItemGroup>
    <Filter Include="Source Files">
      <UniqueIdentifier>{4FC737F1-C7A5-4376-A066-2A32D752A2FF}</UniqueIdentifier>
      <Extensions>cpp;c;cc;cxx;c++;cppm;ixx;def;odl;idl;hpj;bat;asm;asmx</Extensions>
    </Filter>
    <Filter Include="Header Files">
      <UniqueIdentifier>{93995380-89BD-4b04-88EB-625FBE52EBFB}</UniqueIdentifier>
      <Extensions>h;hh;hpp;hxx;h++;hm;inl;inc;ipp;xsd</Extensions>
    </Filter>
    <Filter Include="Resource Files">
      <UniqueIdentifier>{67DA6AB6-F800-4c08-8B7A-83BB121AAD01}</UniqueIdentifier>
      <Extensions>rc;ico;cur;bmp;dlg;rc2;rct;bin;rgs;gif;jpg;jpeg;jpe;resx;tiff;tif;png;wav;mfcribbon-ms</Extensions>
    </Filter>
    <Filter Include="Source Files\LinkedList">
      <UniqueIdentifier>{2edf7180-f35d-493f-b8c5-03cfb448a98a}</UniqueIdentifier>
    </Filter>
    <Filter Include="Source Files\Recursion">
      <UniqueIdentifier>{905904b5-b9ab-4e0d-89ce-ee14ba0c8f14}</UniqueIdentifier>
    </Filter>
  </ItemGroup>
  <ItemGroup>
    <ClCompile Include="LinkedList\Reversal.cpp">
      <Filter>Source Files</Filter>
    </ClCompile>
    <ClCompile Include="LinkedList\Traversal.cpp">
      <Filter>Source Files</Filter>
    </ClCompile>
    <ClCompile Include="Recursion\Recursion.cpp">
      <Filter>Source Files</Filter>
    </ClCompile>
    <ClCompile Include="Arrays\Traversal.cpp">
      <Filter>Source Files</Filter>
    </ClCompile>
    <ClCompile Include="LinkedList\CompareTwoLLists.cpp">
      <Filter>Source Files</Filter>
    </ClCompile>
    <ClCompile Include="LinkedList\ReversalInKGroups.cpp">
      <Filter>Source Files</Filter>
    </ClCompile>
    <ClCompile Include="LinkedList\Circular LinkedList\CircularLList.cpp">
      <Filter>Source Files</Filter>
    </ClCompile>
    <ClCompile Include="LinkedList\LeetCodeDeleteFromNth.cpp">
      <Filter>Source Files</Filter>
    </ClCompile>
    <ClCompile Include="Stack\StackSTL.cpp">
      <Filter>Source Files</Filter>
    </ClCompile>
    <ClCompile Include="Recursion\BackTracking\StringPermutation.cpp">
      <Filter>Source Files</Filter>
    </ClCompile>
    <ClCompile Include="Stack\StackImplement.cpp">
      <Filter>Source Files</Filter>
    </ClCompile>
    <ClCompile Include="PatternPrinting\Patterns.cpp">
      <Filter>Source Files</Filter>
    </ClCompile>
    <ClCompile Include="Strings\KMPAlgorithm.cpp">
      <Filter>Source Files</Filter>
    </ClCompile>
    <ClCompile Include="Arrays\MultiDimensional\2DArrays.cpp">
      <Filter>Source Files</Filter>
    </ClCompile>
    <ClCompile Include="Queues\QueueUsingArray.cpp">
      <Filter>Source Files</Filter>
    </ClCompile>
    <ClCompile Include="Recursion\RecursionOnArrays.cpp">
      <Filter>Source Files</Filter>
    </ClCompile>
    <ClCompile Include="Strings\RecursionOnString.cpp">
      <Filter>Source Files</Filter>
    </ClCompile>
    <ClCompile Include="Searching\BinarySearch.cpp">
      <Filter>Source Files</Filter>
    </ClCompile>
    <ClCompile Include="Searching\LinearSearch.cpp">
      <Filter>Source Files</Filter>
    </ClCompile>
    <ClCompile Include="Sorting\MergeSort.cpp">
      <Filter>Source Files</Filter>
    </ClCompile>
    <ClCompile Include="Trees\BinaryTree.cpp">
      <Filter>Source Files</Filter>
    </ClCompile>
    <ClCompile Include="Trees\BinaryTreeProblems.cpp">
      <Filter>Source Files</Filter>
    </ClCompile>
    <ClCompile Include="Trees\BinaryTreeProblems2.cpp">
      <Filter>Source Files</Filter>
    </ClCompile>
    <ClCompile Include="Trees\ConstructBinaryTree.cpp">
      <Filter>Source Files</Filter>
    </ClCompile>
  </ItemGroup>
</Project>